
Microsoft Visual Studio Solution File, Format Version 12.00
# Visual Studio Version 17
VisualStudioVersion = 17.0.31903.59
MinimumVisualStudioVersion = 10.0.40219.1
Project("{9A19103F-16F7-4668-BE54-9A1E7A4F7556}") = "TicketingSystem", "TicketingSystem\TicketingSystem.csproj", "{A9374A4F-D961-4C5D-8A89-D9D0B656BB3A}"
EndProject
Global
	GlobalSection(SolutionConfigurationPlatforms) = preSolution
		Debug|Any CPU = Debug|Any CPU
		Release|Any CPU = Release|Any CPU
	EndGlobalSection
	GlobalSection(ProjectConfigurationPlatforms) = postSolution
		{A9374A4F-D961-4C5D-8A89-D9D0B656BB3A}.Debug|Any CPU.ActiveCfg = Debug|Any CPU
		{A9374A4F-D961-4C5D-8A89-D9D0B656BB3A}.Debug|Any CPU.Build.0 = Debug|Any CPU
		{A9374A4F-D961-4C5D-8A89-D9D0B656BB3A}.Release|Any CPU.ActiveCfg = Release|Any CPU
		{A9374A4F-D961-4C5D-8A89-D9D0B656BB3A}.Release|Any CPU.Build.0 = Release|Any CPU
	EndGlobalSection
	GlobalSection(SolutionProperties) = preSolution
		HideSolutionNode = FALSE
	EndGlobalSection
	GlobalSection(ExtensibilityGlobals) = postSolution
		SolutionGuid = {83FC66F1-163D-4709-B406-99560998D8E3}
	EndGlobalSection
EndGlobal
